dependencies:
- name: profile-controller
  repository: file://../profile-controller
  version: 0.1.0
- name: notebooks
  repository: file://../notebooks
  version: 0.1.0
- name: volumes
  repository: file://../volumes
  version: 0.1.0
- name: tensorboards
  repository: file://../tensorboards
  version: 0.1.0
- name: katib
  repository: file://../katib
  version: 0.1.0
- name: mysql-cluster
  repository: file://../mysql-cluster
  version: 0.1.0
- name: mpi
  repository: file://../operators/mpi
  version: 0.1.0
- name: mxnet
  repository: file://../operators/mxnet
  version: 0.1.0
- name: pytorch
  repository: file://../operators/pytorch
  version: 0.1.0
- name: tensorflow
  repository: file://../operators/tensorflow
  version: 0.1.0
- name: xgboost
  repository: file://../operators/xgboost
  version: 0.1.0
digest: sha256:e126fbd02efb3430eace5028d8aac66013b3ba7fa38a9d09c9f8d313eb9e63ca
generated: "2021-07-16T15:13:22.126590534+02:00"
