dependencies:
- name: profile-controller
  repository: file://../profile-controller
  version: 0.1.0
- name: notebooks
  repository: file://../notebooks
  version: 0.1.0
- name: volumes
  repository: file://../volumes
  version: 0.1.0
- name: tensorboards
  repository: file://../tensorboards
  version: 0.1.0
- name: katib
  repository: file://../katib
  version: 0.1.0
- name: serving
  repository: file://../serving
  version: 0.1.0
- name: mysql-cluster
  repository: file://../mysql-cluster
  version: 0.1.0
- name: mpi
  repository: file://../operators/mpi
  version: 0.1.0
- name: mxnet
  repository: file://../operators/mxnet
  version: 0.1.0
- name: pytorch
  repository: file://../operators/pytorch
  version: 0.1.0
- name: tensorflow
  repository: file://../operators/tensorflow
  version: 0.1.0
- name: xgboost
  repository: file://../operators/xgboost
  version: 0.1.0
digest: sha256:1b917fe1c04d064b31f211dfee9b91eb39b9e4e633c765edbeedd2f5b955dffb
generated: "2021-08-13T14:41:55.290925732+02:00"
