artifact: {}
terraform:
  terraform/aws: h1:HKGxov4e9cTgonYfa/D4woOw+hvXCYP0axIv8yHW0Kc=
helm:
  helm/central-dashboard: h1:BeDLEkZoJGv+lnvcM4kqa1FwYO6w4luN2lnui8+SZrE=
  helm/katib: h1:PKVRzR/88IGmjJyxQ1XHEFefseO7Cpe2vhPzNyEyu94=
  helm/mysql-cluster: h1:/8aLTIucTYC5pdD1Bzy1IoUlmfUxr0CoSH4Ycd/1z08=
  helm/notebooks: h1:t7Ff/4V21Z/QDnSeZ2Ufd65kD5gIkZyPIS57f2eEWZk=
  helm/operators/mpi: h1:SWkK/b7S/7bZSOjRsyFPcYNfmyRizTHHBBJQcg659Z8=
  helm/operators/mxnet: h1:8TcczTn1en2nSnAbcO2xNtgXJDWAGYIb60rmuEhp+7k=
  helm/operators/pytorch: h1:oa/p7w3rzum6fd78XDCgzj0ReTaphqOWDThQkXWv6YM=
  helm/operators/tensorflow: h1:Vrm7jJKZG5cpB/ziagqGAlBS024hSILS98ameS7MI3I=
  helm/operators/xgboost: h1:4ScTFLtR8MU65SsN3O0qfc8R0xx7k9ztk18GH8Ds+n4=
  helm/pipelines: h1:bJ5HiCm0MwwbuTC2a7TWveg7TAWVOKxBQlW0BpZHA2U=
  helm/profile-controller: h1:qK4lrN/CaitBshXDxLlHXrrDQDbj0SzWtBQpmMsZlzw=
  helm/serving: h1:+eEgJFcaKsjZNsADNG5JCSSOsByFrgq6JN3AQRMvCJ8=
  helm/tensorboards: h1:msmgVDZE26n/4edZq7XiOrYgd37j5JjD9f9hakPFOcg=
  helm/volumes: h1:2X1zm3d8mgrjwYvbzdh1x0icEJavDMoQmmyzAhfu1Nk=
recipe:
  plural/recipes/kubeflow-aws.yaml: dd217bc9816d20fd1cfa33adc18d2515f5251b7e7095891cf8bbde0dc32f0c6b
integration: {}
crd:
  plural/crds/profiles.yaml: b3097e7bce72e61f2f0eca692594fc5301e681c36f08ed38e205d406af99f6d4:h1:qK4lrN/CaitBshXDxLlHXrrDQDbj0SzWtBQpmMsZlzw=
ird: {}
tag: {}
