artifact: {}
terraform:
  terraform/aws: h1:HKGxov4e9cTgonYfa/D4woOw+hvXCYP0axIv8yHW0Kc=
helm:
  helm/central-dashboard: h1:jKa112PifYskqir/QoD8q9Q40j7dTo24aaWKs2I12sM=
  helm/katib: h1:fWgWrEsu2v8fI8ptH7yfFEQr4b7Sa5eHbxyICNOWtgo=
  helm/mysql-cluster: h1:Q7Cgg1Q0DTJWS0nGFIBiV/66BlBX7wdvaDo/qL4ZIKg=
  helm/notebooks: h1:t7Ff/4V21Z/QDnSeZ2Ufd65kD5gIkZyPIS57f2eEWZk=
  helm/operators/mpi: h1:SWkK/b7S/7bZSOjRsyFPcYNfmyRizTHHBBJQcg659Z8=
  helm/operators/mxnet: h1:8TcczTn1en2nSnAbcO2xNtgXJDWAGYIb60rmuEhp+7k=
  helm/operators/pytorch: h1:oa/p7w3rzum6fd78XDCgzj0ReTaphqOWDThQkXWv6YM=
  helm/operators/tensorflow: h1:Vrm7jJKZG5cpB/ziagqGAlBS024hSILS98ameS7MI3I=
  helm/operators/xgboost: h1:4ScTFLtR8MU65SsN3O0qfc8R0xx7k9ztk18GH8Ds+n4=
  helm/pipelines: h1:9XhwxTAmZgJSOMzf0UtYPS5B7jlBHZdVOEqSSOtrGzA=
  helm/profile-controller: h1:qK4lrN/CaitBshXDxLlHXrrDQDbj0SzWtBQpmMsZlzw=
  helm/serving: h1:SxtnpX/7RRNpMwhmTiHDV4LH/GlFFnFCHmZ0nGf5TqE=
  helm/tensorboards: h1:msmgVDZE26n/4edZq7XiOrYgd37j5JjD9f9hakPFOcg=
  helm/volumes: h1:2X1zm3d8mgrjwYvbzdh1x0icEJavDMoQmmyzAhfu1Nk=
recipe:
  plural/recipes/kubeflow-aws.yaml: 1bf7f157b61fa3da954911d3ac81ac0cc6f27669f900cd7a182e9d11b0d52923
integration: {}
crd: {}
ird: {}
tag: {}
