artifact: {}
terraform:
  terraform/aws: h1:s4MCz6IZX+frLoQslOBVQ07BXfS7nqU0ciykJDhiBho=
helm:
  helm/central-dashboard: h1:X4I9MtfOGp6KQafZ4bw5YNENIcby0ZXkllJT5rdlfQ0=
  helm/katib: h1:3kYC80xiy2qgMfUYWboxk2zGdB2WM2nz5a2ZskZ2fWY=
  helm/mysql-cluster: h1:OF80WRLERGHwFNiyJdg7C1u8oRTj0tL4jRR7IERbykE=
  helm/notebooks: h1:JO2I9rjMHPVje6edduiv97YyPmuu8/qh9gVYRs4ElSo=
  helm/operators/mpi: h1:C8JOIqmxDvOsb17KP0u0PuLHw6gqU6quDrG/scxgzJE=
  helm/operators/mxnet: h1:HK78XX8l33GDHjQD3dXblTI/zA2RTdO2NVpNy5tRIDE=
  helm/operators/pytorch: h1:hKU0AlUsDRqiFEzosEqXvEsWFJ6A77Xipbf5UYaxwhc=
  helm/operators/tensorflow: h1:6O1qmbjGtQEy6oA8DEAFbu7SZuM6QunVd3SOpFhu150=
  helm/operators/xgboost: h1:ZApaSgrPvFn+AGi7CD5iY+YWKPeRrdJZ1nm9Qq83nUE=
  helm/pipelines: h1:Cb7Z4SJ5b33ht0GoY8l9ls8ZjbQPfgdvbL3xnMiL4r0=
  helm/profile-controller: h1:rUMhHVsho2dGtl+HAIZ+NSyddyX9SRAeSTxDDCO0w3k=
  helm/serving: h1:SJQCXzOzqO1MCqzKcJN0Avl1bWP7sx6wzOnm8Mt8Mc4=
  helm/tensorboards: h1:3Uq/otHTa0q8mOeVxaYBztDUjhQY4/HnClcd5Mm1p9I=
  helm/volumes: h1:jiQrDBbiBpEo7sKwLxQOz44/Ulk/KVpURiqXZy4nNic=
recipe:
  plural/recipes/kubeflow-aws.yaml: d91a60b4dcfa35391d2dcf8c4a739aba889487e1e50dcf7bc39a03966ea889bc
integration: {}
crd:
  plural/crds/profile-controller/profiles.yaml: b3097e7bce72e61f2f0eca692594fc5301e681c36f08ed38e205d406af99f6d4:h1:rUMhHVsho2dGtl+HAIZ+NSyddyX9SRAeSTxDDCO0w3k=
  plural/crds/profiles.yaml: b3097e7bce72e61f2f0eca692594fc5301e681c36f08ed38e205d406af99f6d4:h1:93j96nnXsNghvBD0sKNWoSPnNA7RDVtLRAoaPYAVaOg=
ird: {}
tag: {}
