dependencies:
- name: external-dns
  repository: https://charts.bitnami.com/bitnami
  version: 4.11.2
- name: metrics-server
  repository: https://charts.bitnami.com/bitnami
  version: 5.8.7
- name: ingress-nginx
  repository: https://kubernetes.github.io/ingress-nginx
  version: 3.29.0
- name: cert-manager
  repository: https://charts.jetstack.io
  version: v1.4.0
- name: cluster-autoscaler
  repository: https://kubernetes.github.io/autoscaler
  version: 9.9.2
- name: kubed
  repository: https://charts.appscode.com/stable
  version: v0.13.0-beta.0
- name: aws-load-balancer-controller
  repository: https://aws.github.io/eks-charts
  version: 1.2.3
digest: sha256:78ceee51805c22a599c208d356924dbb0aa8e3a7eb24a016e527ec5043a6e5d3
generated: "2021-08-14T18:54:16.932602122Z"
