dependencies:
- name: external-dns
  repository: https://charts.bitnami.com/bitnami
  version: 4.11.0
- name: metrics-server
  repository: https://charts.bitnami.com/bitnami
  version: 5.8.7
- name: ingress-nginx
  repository: https://kubernetes.github.io/ingress-nginx
  version: 3.29.0
- name: cert-manager
  repository: https://charts.jetstack.io
  version: v1.4.4
- name: cluster-autoscaler
  repository: https://kubernetes.github.io/autoscaler
  version: 9.9.2
- name: kubed
  repository: https://charts.appscode.com/stable
  version: v0.13.0-beta.0
- name: aws-load-balancer-controller
  repository: https://aws.github.io/eks-charts
  version: 1.2.3
digest: sha256:d66a8f189235683b3410e3d32d3e50824a5cc0c13d76fbb701d86b60119cf389
generated: "2021-08-24T16:37:23.828390142Z"
