dependencies:
- name: external-dns
  repository: https://charts.bitnami.com/bitnami
  version: 4.11.0
- name: metrics-server
  repository: https://charts.bitnami.com/bitnami
  version: 5.8.7
- name: ingress-nginx
  repository: https://kubernetes.github.io/ingress-nginx
  version: 3.29.0
- name: cert-manager
  repository: https://charts.jetstack.io
  version: v1.4.0
- name: cluster-autoscaler
  repository: https://kubernetes.github.io/autoscaler
  version: 9.10.7
- name: kubed
  repository: https://charts.appscode.com/stable
  version: v0.13.0-beta.0
- name: aws-load-balancer-controller
  repository: https://aws.github.io/eks-charts
  version: 1.2.3
digest: sha256:7d8f0e0b8db0dd81116c0d6b7a496603fe088365969164910b196a109ed7865d
generated: "2021-09-09T09:02:14.458419015Z"
